// !$*UTF8*$!
{
	archiveVersion = 1;
	classes = {
	};
	objectVersion = 56;
	objects = {

/* Begin PBXBuildFile section */
		4F0A8D272B32DCE9001FC4CA /* SplashScreenView.swift in Sources */ = {isa = PBXBuildFile; fileRef = 4F0A8D262B32DCE9001FC4CA /* SplashScreenView.swift */; };
		4F15AE262B320C0B007A8D9F /* FoodItem.swift in Sources */ = {isa = PBXBuildFile; fileRef = 4F15AE252B320C0B007A8D9F /* FoodItem.swift */; };
		4F15AE282B320C75007A8D9F /* FoodItems.swift in Sources */ = {isa = PBXBuildFile; fileRef = 4F15AE272B320C75007A8D9F /* FoodItems.swift */; };
		4F6FA6702B271A4B004E68FD /* Taste_TrekkerApp.swift in Sources */ = {isa = PBXBuildFile; fileRef = 4F6FA66F2B271A4B004E68FD /* Taste_TrekkerApp.swift */; };
		4F6FA6722B271A4B004E68FD /* ContentView.swift in Sources */ = {isa = PBXBuildFile; fileRef = 4F6FA6712B271A4B004E68FD /* ContentView.swift */; };
		4F6FA6742B271A4C004E68FD /* Assets.xcassets in Resources */ = {isa = PBXBuildFile; fileRef = 4F6FA6732B271A4C004E68FD /* Assets.xcassets */; };
		4F6FA6772B271A4C004E68FD /* Preview Assets.xcassets in Resources */ = {isa = PBXBuildFile; fileRef = 4F6FA6762B271A4C004E68FD /* Preview Assets.xcassets */; };
		4FAF5E432B317445007E2FF7 /* Spice_stepper.swift in Sources */ = {isa = PBXBuildFile; fileRef = 4FAF5E422B317445007E2FF7 /* Spice_stepper.swift */; };
		4FAF5E452B317A25007E2FF7 /* hunger stepper.swift in Sources */ = {isa = PBXBuildFile; fileRef = 4FAF5E442B317A25007E2FF7 /* hunger stepper.swift */; };
/* End PBXBuildFile section */

/* Begin PBXFileReference section */
		4F0A8D262B32DCE9001FC4CA /* SplashScreenView.swift */ = {isa = PBXFileReference; lastKnownFileType = sourcecode.swift; path = SplashScreenView.swift; sourceTree = "<group>"; };
		4F15AE252B320C0B007A8D9F /* FoodItem.swift */ = {isa = PBXFileReference; lastKnownFileType = sourcecode.swift; path = FoodItem.swift; sourceTree = "<group>"; };
		4F15AE272B320C75007A8D9F /* FoodItems.swift */ = {isa = PBXFileReference; lastKnownFileType = sourcecode.swift; path = FoodItems.swift; sourceTree = "<group>"; };
		4F6FA66C2B271A4B004E68FD /* Taste-Trekker.app */ = {isa = PBXFileReference; explicitFileType = wrapper.application; includeInIndex = 0; path = "Taste-Trekker.app"; sourceTree = BUILT_PRODUCTS_DIR; };
		4F6FA66F2B271A4B004E68FD /* Taste_TrekkerApp.swift */ = {isa = PBXFileReference; lastKnownFileType = sourcecode.swift; path = Taste_TrekkerApp.swift; sourceTree = "<group>"; };
		4F6FA6712B271A4B004E68FD /* ContentView.swift */ = {isa = PBXFileReference; lastKnownFileType = sourcecode.swift; path = ContentView.swift; sourceTree = "<group>"; };
		4F6FA6732B271A4C004E68FD /* Assets.xcassets */ = {isa = PBXFileReference; lastKnownFileType = folder.assetcatalog; path = Assets.xcassets; sourceTree = "<group>"; };
		4F6FA6762B271A4C004E68FD /* Preview Assets.xcassets */ = {isa = PBXFileReference; lastKnownFileType = folder.assetcatalog; path = "Preview Assets.xcassets"; sourceTree = "<group>"; };
		4FAF5E422B317445007E2FF7 /* Spice_stepper.swift */ = {isa = PBXFileReference; lastKnownFileType = sourcecode.swift; path = Spice_stepper.swift; sourceTree = "<group>"; };
		4FAF5E442B317A25007E2FF7 /* hunger stepper.swift */ = {isa = PBXFileReference; lastKnownFileType = sourcecode.swift; path = "hunger stepper.swift"; sourceTree = "<group>"; };
/* End PBXFileReference section */

/* Begin PBXFrameworksBuildPhase section */
		4F6FA6692B271A4B004E68FD /* Frameworks */ = {
			isa = PBXFrameworksBuildPhase;
			buildActionMask = 2147483647;
			files = (
			);
			runOnlyForDeploymentPostprocessing = 0;
		};
/* End PBXFrameworksBuildPhase section */

/* Begin PBXGroup section */
		4F6FA6632B271A4B004E68FD = {
			isa = PBXGroup;
			children = (
				4F6FA66E2B271A4B004E68FD /* Taste-Trekker */,
				4F6FA66D2B271A4B004E68FD /* Products */,
			);
			sourceTree = "<group>";
		};
		4F6FA66D2B271A4B004E68FD /* Products */ = {
			isa = PBXGroup;
			children = (
				4F6FA66C2B271A4B004E68FD /* Taste-Trekker.app */,
			);
			name = Products;
			sourceTree = "<group>";
		};
		4F6FA66E2B271A4B004E68FD /* Taste-Trekker */ = {
			isa = PBXGroup;
			children = (
				4F6FA66F2B271A4B004E68FD /* Taste_TrekkerApp.swift */,
				4F6FA6712B271A4B004E68FD /* ContentView.swift */,
				4F0A8D262B32DCE9001FC4CA /* SplashScreenView.swift */,
				4F15AE272B320C75007A8D9F /* FoodItems.swift */,
				4F15AE252B320C0B007A8D9F /* FoodItem.swift */,
				4FAF5E422B317445007E2FF7 /* Spice_stepper.swift */,
				4FAF5E442B317A25007E2FF7 /* hunger stepper.swift */,
				4F6FA6732B271A4C004E68FD /* Assets.xcassets */,
				4F6FA6752B271A4C004E68FD /* Preview Content */,
			);
			path = "Taste-Trekker";
			sourceTree = "<group>";
		};
		4F6FA6752B271A4C004E68FD /* Preview Content */ = {
			isa = PBXGroup;
			children = (
				4F6FA6762B271A4C004E68FD /* Preview Assets.xcassets */,
			);
			path = "Preview Content";
			sourceTree = "<group>";
		};
/* End PBXGroup section */

/* Begin PBXNativeTarget section */
		4F6FA66B2B271A4B004E68FD /* Taste-Trekker */ = {
			isa = PBXNativeTarget;
			buildConfigurationList = 4F6FA67A2B271A4C004E68FD /* Build configuration list for PBXNativeTarget "Taste-Trekker" */;
			buildPhases = (
				4F6FA6682B271A4B004E68FD /* Sources */,
				4F6FA6692B271A4B004E68FD /* Frameworks */,
				4F6FA66A2B271A4B004E68FD /* Resources */,
			);
			buildRules = (
			);
			dependencies = (
			);
			name = "Taste-Trekker";
			productName = "Taste-Trekker";
			productReference = 4F6FA66C2B271A4B004E68FD /* Taste-Trekker.app */;
			productType = "com.apple.product-type.application";
		};
/* End PBXNativeTarget section */

/* Begin PBXProject section */
		4F6FA6642B271A4B004E68FD /* Project object */ = {
			isa = PBXProject;
			attributes = {
				BuildIndependentTargetsInParallel = 1;
				LastSwiftUpdateCheck = 1500;
				LastUpgradeCheck = 1500;
				TargetAttributes = {
					4F6FA66B2B271A4B004E68FD = {
						CreatedOnToolsVersion = 15.0.1;
					};
				};
			};
			buildConfigurationList = 4F6FA6672B271A4B004E68FD /* Build configuration list for PBXProject "Taste-Trekker" */;
			compatibilityVersion = "Xcode 14.0";
			developmentRegion = en;
			hasScannedForEncodings = 0;
			knownRegions = (
				en,
				Base,
			);
			mainGroup = 4F6FA6632B271A4B004E68FD;
			productRefGroup = 4F6FA66D2B271A4B004E68FD /* Products */;
			projectDirPath = "";
			projectRoot = "";
			targets = (
				4F6FA66B2B271A4B004E68FD /* Taste-Trekker */,
			);
		};
/* End PBXProject section */

/* Begin PBXResourcesBuildPhase section */
		4F6FA66A2B271A4B004E68FD /* Resources */ = {
			isa = PBXResourcesBuildPhase;
			buildActionMask = 2147483647;
			files = (
				4F6FA6772B271A4C004E68FD /* Preview Assets.xcassets in Resources */,
				4F6FA6742B271A4C004E68FD /* Assets.xcassets in Resources */,
			);
			runOnlyForDeploymentPostprocessing = 0;
		};
/* End PBXResourcesBuildPhase section */

/* Begin PBXSourcesBuildPhase section */
		4F6FA6682B271A4B004E68FD /* Sources */ = {
			isa = PBXSourcesBuildPhase;
			buildActionMask = 2147483647;
			files = (
				4F0A8D272B32DCE9001FC4CA /* SplashScreenView.swift in Sources */,
				4F6FA6722B271A4B004E68FD /* ContentView.swift in Sources */,
				4F6FA6702B271A4B004E68FD /* Taste_TrekkerApp.swift in Sources */,
				4F15AE282B320C75007A8D9F /* FoodItems.swift in Sources */,
				4FAF5E432B317445007E2FF7 /* Spice_stepper.swift in Sources */,
				4FAF5E452B317A25007E2FF7 /* hunger stepper.swift in Sources */,
				4F15AE262B320C0B007A8D9F /* FoodItem.swift in Sources */,
			);
			runOnlyForDeploymentPostprocessing = 0;
		};
/* End PBXSourcesBuildPhase section */

/* Begin XCBuildConfiguration section */
		4F6FA6782B271A4C004E68FD /* Debug */ = {
			isa = XCBuildConfiguration;
			buildSettings = {
				ALWAYS_SEARCH_USER_PATHS = NO;
				ASSETCATALOG_COMPILER_GENERATE_SWIFT_ASSET_SYMBOL_EXTENSIONS = YES;
				CLANG_ANALYZER_NONNULL = YES;
				CLANG_ANALYZER_NUMBER_OBJECT_CONVERSION = YES_AGGRESSIVE;
				CLANG_CXX_LANGUAGE_STANDARD = "gnu++20";
				CLANG_ENABLE_MODULES = YES;
				CLANG_ENABLE_OBJC_ARC = YES;
				CLANG_ENABLE_OBJC_WEAK = YES;
				CLANG_WARN_BLOCK_CAPTURE_AUTORELEASING = YES;
				CLANG_WARN_BOOL_CONVERSION = YES;
				CLANG_WARN_COMMA = YES;
				CLANG_WARN_CONSTANT_CONVERSION = YES;
				CLANG_WARN_DEPRECATED_OBJC_IMPLEMENTATIONS = YES;
				CLANG_WARN_DIRECT_OBJC_ISA_USAGE = YES_ERROR;
				CLANG_WARN_DOCUMENTATION_COMMENTS = YES;
				CLANG_WARN_EMPTY_BODY = YES;
				CLANG_WARN_ENUM_CONVERSION = YES;
				CLANG_WARN_INFINITE_RECURSION = YES;
				CLANG_WARN_INT_CONVERSION = YES;
				CLANG_WARN_NON_LITERAL_NULL_CONVERSION = YES;
				CLANG_WARN_OBJC_IMPLICIT_RETAIN_SELF = YES;
				CLANG_WARN_OBJC_LITERAL_CONVERSION = YES;
				CLANG_WARN_OBJC_ROOT_CLASS = YES_ERROR;
				CLANG_WARN_QUOTED_INCLUDE_IN_FRAMEWORK_HEADER = YES;
				CLANG_WARN_RANGE_LOOP_ANALYSIS = YES;
				CLANG_WARN_STRICT_PROTOTYPES = YES;
				CLANG_WARN_SUSPICIOUS_MOVE = YES;
				CLANG_WARN_UNGUARDED_AVAILABILITY = YES_AGGRESSIVE;
				CLANG_WARN_UNREACHABLE_CODE = YES;
				CLANG_WARN__DUPLICATE_METHOD_MATCH = YES;
				COPY_PHASE_STRIP = NO;
				DEBUG_INFORMATION_FORMAT = dwarf;
				ENABLE_STRICT_OBJC_MSGSEND = YES;
				ENABLE_TESTABILITY = YES;
				ENABLE_USER_SCRIPT_SANDBOXING = YES;
				GCC_C_LANGUAGE_STANDARD = gnu17;
				GCC_DYNAMIC_NO_PIC = NO;
				GCC_NO_COMMON_BLOCKS = YES;
				GCC_OPTIMIZATION_LEVEL = 0;
				GCC_PREPROCESSOR_DEFINITIONS = (
					"DEBUG=1",
					"$(inherited)",
				);
				GCC_WARN_64_TO_32_BIT_CONVERSION = YES;
				GCC_WARN_ABOUT_RETURN_TYPE = YES_ERROR;
				GCC_WARN_UNDECLARED_SELECTOR = YES;
				GCC_WARN_UNINITIALIZED_AUTOS = YES_AGGRESSIVE;
				GCC_WARN_UNUSED_FUNCTION = YES;
				GCC_WARN_UNUSED_VARIABLE = YES;
				IPHONEOS_DEPLOYMENT_TARGET = 17.0;
				LOCALIZATION_PREFERS_STRING_CATALOGS = YES;
				MTL_ENABLE_DEBUG_INFO = INCLUDE_SOURCE;
				MTL_FAST_MATH = YES;
				ONLY_ACTIVE_ARCH = YES;
				SDKROOT = iphoneos;
				SWIFT_ACTIVE_COMPILATION_CONDITIONS = "DEBUG $(inherited)";
				SWIFT_OPTIMIZATION_LEVEL = "-Onone";
			};
			name = Debug;
		};
		4F6FA6792B271A4C004E68FD /* Release */ = {
			isa = XCBuildConfiguration;
			buildSettings = {
				ALWAYS_SEARCH_USER_PATHS = NO;
				ASSETCATALOG_COMPILER_GENERATE_SWIFT_ASSET_SYMBOL_EXTENSIONS = YES;
				CLANG_ANALYZER_NONNULL = YES;
				CLANG_ANALYZER_NUMBER_OBJECT_CONVERSION = YES_AGGRESSIVE;
				CLANG_CXX_LANGUAGE_STANDARD = "gnu++20";
				CLANG_ENABLE_MODULES = YES;
				CLANG_ENABLE_OBJC_ARC = YES;
				CLANG_ENABLE_OBJC_WEAK = YES;
				CLANG_WARN_BLOCK_CAPTURE_AUTORELEASING = YES;
				CLANG_WARN_BOOL_CONVERSION = YES;
				CLANG_WARN_COMMA = YES;
				CLANG_WARN_CONSTANT_CONVERSION = YES;
				CLANG_WARN_DEPRECATED_OBJC_IMPLEMENTATIONS = YES;
				CLANG_WARN_DIRECT_OBJC_ISA_USAGE = YES_ERROR;
				CLANG_WARN_DOCUMENTATION_COMMENTS = YES;
				CLANG_WARN_EMPTY_BODY = YES;
				CLANG_WARN_ENUM_CONVERSION = YES;
				CLANG_WARN_INFINITE_RECURSION = YES;
				CLANG_WARN_INT_CONVERSION = YES;
				CLANG_WARN_NON_LITERAL_NULL_CONVERSION = YES;
				CLANG_WARN_OBJC_IMPLICIT_RETAIN_SELF = YES;
				CLANG_WARN_OBJC_LITERAL_CONVERSION = YES;
				CLANG_WARN_OBJC_ROOT_CLASS = YES_ERROR;
				CLANG_WARN_QUOTED_INCLUDE_IN_FRAMEWORK_HEADER = YES;
				CLANG_WARN_RANGE_LOOP_ANALYSIS = YES;
				CLANG_WARN_STRICT_PROTOTYPES = YES;
				CLANG_WARN_SUSPICIOUS_MOVE = YES;
				CLANG_WARN_UNGUARDED_AVAILABILITY = YES_AGGRESSIVE;
				CLANG_WARN_UNREACHABLE_CODE = YES;
				CLANG_WARN__DUPLICATE_METHOD_MATCH = YES;
				COPY_PHASE_STRIP = NO;
				DEBUG_INFORMATION_FORMAT = "dwarf-with-dsym";
				ENABLE_NS_ASSERTIONS = NO;
				ENABLE_STRICT_OBJC_MSGSEND = YES;
				ENABLE_USER_SCRIPT_SANDBOXING = YES;
				GCC_C_LANGUAGE_STANDARD = gnu17;
				GCC_NO_COMMON_BLOCKS = YES;
				GCC_WARN_64_TO_32_BIT_CONVERSION = YES;
				GCC_WARN_ABOUT_RETURN_TYPE = YES_ERROR;
				GCC_WARN_UNDECLARED_SELECTOR = YES;
				GCC_WARN_UNINITIALIZED_AUTOS = YES_AGGRESSIVE;
				GCC_WARN_UNUSED_FUNCTION = YES;
				GCC_WARN_UNUSED_VARIABLE = YES;
				IPHONEOS_DEPLOYMENT_TARGET = 17.0;
				LOCALIZATION_PREFERS_STRING_CATALOGS = YES;
				MTL_ENABLE_DEBUG_INFO = NO;
				MTL_FAST_MATH = YES;
				SDKROOT = iphoneos;
				SWIFT_COMPILATION_MODE = wholemodule;
				VALIDATE_PRODUCT = YES;
			};
			name = Release;
		};
		4F6FA67B2B271A4C004E68FD /* Debug */ = {
			isa = XCBuildConfiguration;
			buildSettings = {
				ASSETCATALOG_COMPILER_APPICON_NAME = AppIcon;
				ASSETCATALOG_COMPILER_GLOBAL_ACCENT_COLOR_NAME = AccentColor;
				CODE_SIGN_STYLE = Automatic;
				CURRENT_PROJECT_VERSION = 1;
				DEVELOPMENT_ASSET_PATHS = "\"Taste-Trekker/Preview Content\"";
				DEVELOPMENT_TEAM = 2CZ3B92866;
				ENABLE_PREVIEWS = YES;
				GENERATE_INFOPLIST_FILE = YES;
				INFOPLIST_KEY_UIApplicationSceneManifest_Generation = YES;
				INFOPLIST_KEY_UIApplicationSupportsIndirectInputEvents = YES;
				INFOPLIST_KEY_UILaunchScreen_Generation = YES;
				INFOPLIST_KEY_UISupportedInterfaceOrientations_iPad = "UIInterfaceOrientationPortrait UIInterfaceOrientationPortraitUpsideDown UIInterfaceOrientationLandscapeLeft UIInterfaceOrientationLandscapeRight";
				INFOPLIST_KEY_UISupportedInterfaceOrientations_iPhone = "UIInterfaceOrientationPortrait UIInterfaceOrientationLandscapeLeft UIInterfaceOrientationLandscapeRight";
				LD_RUNPATH_SEARCH_PATHS = (
					"$(inherited)",
					"@executable_path/Frameworks",
				);
				MARKETING_VERSION = 1.0;
				PRODUCT_BUNDLE_IDENTIFIER = "Singh.Shomil.Taste-Trekker";
				PRODUCT_NAME = "$(TARGET_NAME)";
				SWIFT_EMIT_LOC_STRINGS = YES;
				SWIFT_VERSION = 5.0;
				TARGETED_DEVICE_FAMILY = "1,2";
			};
			name = Debug;
		};
		4F6FA67C2B271A4C004E68FD /* Release */ = {
			isa = XCBuildConfiguration;
			buildSettings = {
				ASSETCATALOG_COMPILER_APPICON_NAME = AppIcon;
				ASSETCATALOG_COMPILER_GLOBAL_ACCENT_COLOR_NAME = AccentColor;
				CODE_SIGN_STYLE = Automatic;
				CURRENT_PROJECT_VERSION = 1;
				DEVELOPMENT_ASSET_PATHS = "\"Taste-Trekker/Preview Content\"";
				DEVELOPMENT_TEAM = 2CZ3B92866;
				ENABLE_PREVIEWS = YES;
				GENERATE_INFOPLIST_FILE = YES;
				INFOPLIST_KEY_UIApplicationSceneManifest_Generation = YES;
				INFOPLIST_KEY_UIApplicationSupportsIndirectInputEvents = YES;
				INFOPLIST_KEY_UILaunchScreen_Generation = YES;
				INFOPLIST_KEY_UISupportedInterfaceOrientations_iPad = "UIInterfaceOrientationPortrait UIInterfaceOrientationPortraitUpsideDown UIInterfaceOrientationLandscapeLeft UIInterfaceOrientationLandscapeRight";
				INFOPLIST_KEY_UISupportedInterfaceOrientations_iPhone = "UIInterfaceOrientationPortrait UIInterfaceOrientationLandscapeLeft UIInterfaceOrientationLandscapeRight";
				LD_RUNPATH_SEARCH_PATHS = (
					"$(inherited)",
					"@executable_path/Frameworks",
				);
				MARKETING_VERSION = 1.0;
				PRODUCT_BUNDLE_IDENTIFIER = "Singh.Shomil.Taste-Trekker";
				PRODUCT_NAME = "$(TARGET_NAME)";
				SWIFT_EMIT_LOC_STRINGS = YES;
				SWIFT_VERSION = 5.0;
				TARGETED_DEVICE_FAMILY = "1,2";
			};
			name = Release;
		};
/* End XCBuildConfiguration section */

/* Begin XCConfigurationList section */
		4F6FA6672B271A4B004E68FD /* Build configuration list for PBXProject "Taste-Trekker" */ = {
			isa = XCConfigurationList;
			buildConfigurations = (
				4F6FA6782B271A4C004E68FD /* Debug */,
				4F6FA6792B271A4C004E68FD /* Release */,
			);
			defaultConfigurationIsVisible = 0;
			defaultConfigurationName = Release;
		};
		4F6FA67A2B271A4C004E68FD /* Build configuration list for PBXNativeTarget "Taste-Trekker" */ = {
			isa = XCConfigurationList;
			buildConfigurations = (
				4F6FA67B2B271A4C004E68FD /* Debug */,
				4F6FA67C2B271A4C004E68FD /* Release */,
			);
			defaultConfigurationIsVisible = 0;
			defaultConfigurationName = Release;
		};
/* End XCConfigurationList section */
	};
	rootObject = 4F6FA6642B271A4B004E68FD /* Project object */;
}
